
Microsoft Visual Studio Solution File, Format Version 12.00
# Visual Studio Version 17
VisualStudioVersion = 17.3.32929.385
MinimumVisualStudioVersion = 10.0.40219.1
Project("{FAE04EC0-301F-11D3-BF4B-00C04F79EFBC}") = "MiApp.LogicaDeNegocio", "MiApp.LogicaDeNegocio\MiApp.LogicaDeNegocio.csproj", "{2557E181-A37E-4285-8358-B2DC5151E2AF}"
EndProject
Project("{2150E333-8FDC-42A3-9474-1A3956D46DE8}") = "Test", "Test", "{590F0D9B-C1FD-4C74-8523-C382432565CA}"
EndProject
Project("{FAE04EC0-301F-11D3-BF4B-00C04F79EFBC}") = "MiApp.LogicaDeNegocioTest", "MiApp.LogicaDeNegocioTest\MiApp.LogicaDeNegocioTest.csproj", "{FC4DB3D5-5EEF-46FE-B47D-7BC349E6103F}"
EndProject
Project("{FAE04EC0-301F-11D3-BF4B-00C04F79EFBC}") = "MiApp.LogicaDeNegocio.Comun", "MiApp.LogicaDeNegocio.Comun\MiApp.LogicaDeNegocio.Comun.csproj", "{3D4CBA1F-5F7B-43B4-8FB5-AFF30817E4AB}"
EndProject
Project("{FAE04EC0-301F-11D3-BF4B-00C04F79EFBC}") = "MiApp.LogicaDeNegocio.ComunTest", "MiApp.LogicaDeNegocio.ComunTest\MiApp.LogicaDeNegocio.ComunTest.csproj", "{B7357B41-98E3-4E76-AFF1-DE7A4E39E848}"
EndProject
Global
	GlobalSection(SolutionConfigurationPlatforms) = preSolution
		Debug|Any CPU = Debug|Any CPU
		Release|Any CPU = Release|Any CPU
	EndGlobalSection
	GlobalSection(ProjectConfigurationPlatforms) = postSolution
		{2557E181-A37E-4285-8358-B2DC5151E2AF}.Debug|Any CPU.ActiveCfg = Debug|Any CPU
		{2557E181-A37E-4285-8358-B2DC5151E2AF}.Debug|Any CPU.Build.0 = Debug|Any CPU
		{2557E181-A37E-4285-8358-B2DC5151E2AF}.Release|Any CPU.ActiveCfg = Release|Any CPU
		{2557E181-A37E-4285-8358-B2DC5151E2AF}.Release|Any CPU.Build.0 = Release|Any CPU
		{FC4DB3D5-5EEF-46FE-B47D-7BC349E6103F}.Debug|Any CPU.ActiveCfg = Debug|Any CPU
		{FC4DB3D5-5EEF-46FE-B47D-7BC349E6103F}.Debug|Any CPU.Build.0 = Debug|Any CPU
		{FC4DB3D5-5EEF-46FE-B47D-7BC349E6103F}.Release|Any CPU.ActiveCfg = Release|Any CPU
		{FC4DB3D5-5EEF-46FE-B47D-7BC349E6103F}.Release|Any CPU.Build.0 = Release|Any CPU
		{3D4CBA1F-5F7B-43B4-8FB5-AFF30817E4AB}.Debug|Any CPU.ActiveCfg = Debug|Any CPU
		{3D4CBA1F-5F7B-43B4-8FB5-AFF30817E4AB}.Debug|Any CPU.Build.0 = Debug|Any CPU
		{3D4CBA1F-5F7B-43B4-8FB5-AFF30817E4AB}.Release|Any CPU.ActiveCfg = Release|Any CPU
		{3D4CBA1F-5F7B-43B4-8FB5-AFF30817E4AB}.Release|Any CPU.Build.0 = Release|Any CPU
		{B7357B41-98E3-4E76-AFF1-DE7A4E39E848}.Debug|Any CPU.ActiveCfg = Debug|Any CPU
		{B7357B41-98E3-4E76-AFF1-DE7A4E39E848}.Debug|Any CPU.Build.0 = Debug|Any CPU
		{B7357B41-98E3-4E76-AFF1-DE7A4E39E848}.Release|Any CPU.ActiveCfg = Release|Any CPU
		{B7357B41-98E3-4E76-AFF1-DE7A4E39E848}.Release|Any CPU.Build.0 = Release|Any CPU
	EndGlobalSection
	GlobalSection(SolutionProperties) = preSolution
		HideSolutionNode = FALSE
	EndGlobalSection
	GlobalSection(NestedProjects) = preSolution
		{FC4DB3D5-5EEF-46FE-B47D-7BC349E6103F} = {590F0D9B-C1FD-4C74-8523-C382432565CA}
		{B7357B41-98E3-4E76-AFF1-DE7A4E39E848} = {590F0D9B-C1FD-4C74-8523-C382432565CA}
	EndGlobalSection
	GlobalSection(ExtensibilityGlobals) = postSolution
		SolutionGuid = {7979DD5B-3C00-4B79-A3FB-A57BE6BFEFD7}
	EndGlobalSection
EndGlobal
